ariga.io/atlas v0.10.0 h1:B1aCP6gSDQET6j8ybn7m6MArjQuoLH5d4DQBT+NP5k8=
ariga.io/atlas v0.10.0/go.mod h1:+TR129FJZ5Lvzms6dvCeGWh1yR6hMvmXBhug4hrNIGk=
entgo.io/ent v0.12.1 h1:bqK+WMwfjpTsFiXx9tQSEZMNLyAADSx5Y1xySjT4Tm8=
entgo.io/ent v0.12.1/go.mod h1:OA1Y5bNE8EtlxKv4IyzWwt4jgvGbkoKMcwp668iEKQE=
github.com/DATA-DOG/go-sqlmock v1.5.0 h1:Shsta01QNfFxHCfpW6YH2STWB0MudeXXEWMr20OEh60=
github.com/TBXark/card-bot v0.0.0-20230418140212-e555d7fa1ed1 h1:zV0ovgWd7kpaw8g0CQjEZufy92ZG+ee9MvOljyXOx0Y=
github.com/TBXark/card-bot v0.0.0-20230418140212-e555d7fa1ed1/go.mod h1:uZI5Rh4kbJyHxrQfmKQYUSgvfMmE2zacNmqcugCFK1o=
github.com/agext/levenshtein v1.2.1 h1:QmvMAjj2aEICytGiWzmxoE0x2KZvE0fvmqMOfy2tjT8=
github.com/agext/levenshtein v1.2.1/go.mod h1:JEDfjyjHDjOF/1e4FlBE/PkbqA9OfWu2ki2W0IB5558=
github.com/apparentlymart/go-textseg/v13 v13.0.0 h1:Y+KvPE1NYz0xl601PVImeQfFyEy6iT90AvPUL1NNfNw=
github.com/apparentlymart/go-textseg/v13 v13.0.0/go.mod h1:ZK2fH7c4NqDTLtiYLvIkEghdlcqw7yxLeM89kiTRPUo=
github.com/davecgh/go-spew v1.1.1 h1:vj9j/u1bqnvCEfJOwUhtlOARqs3+rkHYY13jYWTU97c=
github.com/davecgh/go-spew v1.1.1/go.mod h1:J7Y8YcW2NihsgmVo/mv3lAwl/skON4iLHjSsI+c5H38=
github.com/dustin/go-humanize v1.0.0 h1:VSnTsYCnlFHaM2/igO1h6X3HA71jcobQuxemgkq4zYo=
github.com/dustin/go-humanize v1.0.0/go.mod h1:HtrtbFcZ19U5GC7JDqmcUSB87Iq5E25KnS6fMYU6eOk=
github.com/go-openapi/inflect v0.19.0 h1:9jCH9scKIbHeV9m12SmPilScz6krDxKRasNNSNPXu/4=
github.com/go-openapi/inflect v0.19.0/go.mod h1:lHpZVlpIQqLyKwJ4N+YSc9hchQy/i12fJykb83CRBH4=
github.com/go-sql-driver/mysql v1.7.0 h1:ueSltNNllEqE3qcWBTD0iQd3IpL/6U+mJxLkazJ7YPc=
github.com/go-sql-driver/mysql v1.7.0/go.mod h1:OXbVy3sEdcQ2Doequ6Z5BW6fXNQTmx+9S1MCJN5yJMI=
github.com/go-telegram-bot-api/telegram-bot-api/v5 v5.5.1 h1:wG8n/XJQ07TmjbITcGiUaOtXxdrINDz1b0J1w0SzqDc=
github.com/go-telegram-bot-api/telegram-bot-api/v5 v5.5.1/go.mod h1:A2S0CWkNylc2phvKXWBBdD3K0iGnDBGbzRpISP2zBl8=
github.com/go-test/deep v1.0.3 h1:ZrJSEWsXzPOxaZnFteGEfooLba+ju3FYIbOrS+rQd68=
github.com/golang/protobuf v1.3.1/go.mod h1:6lQm79b+lXiMfvg/cZm0SGofjICqVBUtrP5yJMmIC1U=
github.com/golang/protobuf v1.3.4/go.mod h1:vzj43D7+SQXF/4pzW/hwtAqwc6iTitCiVSaWz5lYuqw=
github.com/google/go-cmp v0.2.0/go.mod h1:oXzfMopK8JAjlY9xF4vHSVASa0yLyX7SntLO5aqRK0M=
github.com/google/go-cmp v0.3.1/go.mod h1:8QqcDgzrUqlUb/G2PQTWiueGozuR1884gddMywk6iLU=
github.com/google/go-cmp v0.5.9 h1:O2Tfq5qg4qc4AmwVlvv0oLiVAGB7enBSJ2x2DqQFi38=
github.com/google/go-cmp v0.5.9/go.mod h1:17dUlkBOakJ0+DkrSSNjCkIjxS6bF9zb3elmeNGIjoY=
github.com/google/pprof v0.0.0-20221118152302-e6195bd50e26 h1:Xim43kblpZXfIBQsbuBVKCudVG457BR2GZFIz3uw3hQ=
github.com/google/subcommands v1.0.1/go.mod h1:ZjhPrFU+Olkh9WazFPsl27BQ4UPiG37m3yTrtFlrHVk=
github.com/google/uuid v1.3.0 h1:t6JiXgmwXMjEs8VusXIJk2BXHsn+wx8BZdTaoZ5fu7I=
github.com/google/uuid v1.3.0/go.mod h1:TIyPZe4MgqvfeYDBFedMoGGpEw/LqOeaOT+nhxU+yHo=
github.com/google/wire v0.5.0 h1:I7ELFeVBr3yfPIcc8+MWvrjk+3VjbcSzoXm3JVa+jD8=
github.com/google/wire v0.5.0/go.mod h1:ngWDr9Qvq3yZA10YrxfyGELY/AFWGVpy9c1LTRi1EoU=
github.com/hashicorp/hcl/v2 v2.13.0 h1:0Apadu1w6M11dyGFxWnmhhcMjkbAiKCv7G1r/2QgCNc=
github.com/hashicorp/hcl/v2 v2.13.0/go.mod h1:e4z5nxYlWNPdDSNYX+ph14EvWYMFm3eP0zIUqPc2jr0=
github.com/kballard/go-shellquote v0.0.0-20180428030007-95032a82bc51 h1:Z9n2FFNUXsshfwJMBgNA0RU6/i7WVaAegv3PtuIHPMs=
github.com/kballard/go-shellquote v0.0.0-20180428030007-95032a82bc51/go.mod h1:CzGEWj7cYgsdH8dAjBGEr58BoE7ScuLd+fwFZ44+/x8=
github.com/kr/pretty v0.1.0 h1:L/CwN0zerZDmRFUapSPitk6f+Q3+0za1rQkzVuMiMFI=
github.com/kr/pretty v0.1.0/go.mod h1:dAy3ld7l9f0ibDNOQOHHMYYIIbhfbHSm3C4ZsoJORNo=
github.com/kr/pty v1.1.1/go.mod h1:pFQYn66WHrOpPYNljwOMqo10TkYh1fy3cYio2l3bCsQ=
github.com/kr/text v0.1.0/go.mod h1:4Jbv+DJW3UT/LiOwJeYQe1efqtUx/iVham/4vfdArNI=
github.com/kr/text v0.2.0 h1:5Nx0Ya0ZqY2ygV366QzturHI13Jq95ApcVaJBhpS+AY=
github.com/kylelemons/godebug v0.0.0-20170820004349-d65d576e9348 h1:MtvEpTB6LX3vkb4ax0b5D2DHbNAUsen0Gx5wZoq3lV4=
github.com/mattn/go-isatty v0.0.16 h1:bq3VjFmv/sOjHtdEhmkEV4x1AJtvUvOJ2PFAZ5+peKQ=
github.com/mattn/go-isatty v0.0.16/go.mod h1:kYGgaQfpe5nmfYZH+SKPsOc2e4SrIfOl2e/yFXSvRLM=
github.com/mattn/go-sqlite3 v1.14.16 h1:yOQRA0RpS5PFz/oikGwBEqvAWhWg5ufRz4ETLjwpU1Y=
github.com/mitchellh/go-wordwrap v0.0.0-20150314170334-ad45545899c7 h1:DpOJ2HYzCv8LZP15IdmG+YdwD2luVPHITV96TkirNBM=
github.com/mitchellh/go-wordwrap v0.0.0-20150314170334-ad45545899c7/go.mod h1:ZXFpozHsX6DPmq2I0TCekCxypsnAUbP2oI0UX1GXzOo=
github.com/pmezard/go-difflib v1.0.0 h1:4DBwDE0NGyQoBHbLQYPwSUPoCMWR5BEzIk/f1lZbAQM=
github.com/pmezard/go-difflib v1.0.0/go.mod h1:iKH77koFhYxTK1pcRnkKkqfTogsbg7gZNVY4sRDYZ/4=
github.com/remyoudompheng/bigfft v0.0.0-20200410134404-eec4a21b6bb0/go.mod h1:qqbHyh8v60DhA7CoWK5oRCqLrMHRGoxYCSS9EjAz6Eo=
github.com/remyoudompheng/bigfft v0.0.0-20230129092748-24d4a6f8daec h1:W09IVJc94icq4NjY3clb7Lk8O1qJ8BdBEF8z0ibU0rE=
github.com/remyoudompheng/bigfft v0.0.0-20230129092748-24d4a6f8daec/go.mod h1:qqbHyh8v60DhA7CoWK5oRCqLrMHRGoxYCSS9EjAz6Eo=
github.com/sashabaranov/go-openai v1.8.0 h1:IZrNK/gGqxtp0j19F4NLGbmfoOkyDpM3oC9i/tv9bBM=
github.com/sashabaranov/go-openai v1.8.0/go.mod h1:lj5b/K+zjTSFxVLijLSTDZuP7adOgerWeFyZLUhAKRg=
github.com/sergi/go-diff v1.0.0 h1:Kpca3qRNrduNnOQeazBd0ysaKrUJiIuISHxogkT9RPQ=
github.com/stretchr/testify v1.8.2 h1:+h33VjcLVPDHtOdpUCuF+7gSuG3yGIftsP1YvFihtJ8=
github.com/vmihailenco/msgpack/v4 v4.3.12/go.mod h1:gborTTJjAo/GWTqqRjrLCn9pgNN+NXzzngzBKDPIqw4=
github.com/vmihailenco/tagparser v0.1.1/go.mod h1:OeAg3pn3UbLjkWt+rN9oFYB6u/cQgqMEUPoW2WPyhdI=
github.com/zclconf/go-cty v1.8.0 h1:s4AvqaeQzJIu3ndv4gVIhplVD0krU+bgrcLSVUnaWuA=
github.com/zclconf/go-cty v1.8.0/go.mod h1:vVKLxnk3puL4qRAv72AO+W99LUD4da90g3uUAzyuvAk=
golang.org/x/crypto v0.0.0-20190308221718-c2843e01d9a2/go.mod h1:djNgcEr1/C05ACkg1iLfiJU5Ep61QUkGW8qpdssI0+w=
golang.org/x/mod v0.8.0 h1:LUYupSeNrTNCGzR/hVBk2NHZO4hXcVaW1k4Qx7rjPx8=
golang.org/x/mod v0.8.0/go.mod h1:iBbtSCu2XBx23ZKBPSOrRkjjQPZFPuis4dIYUhu/chs=
golang.org/x/net v0.0.0-20190311183353-d8887717615a/go.mod h1:t9HGtf8HONx5eT2rtn7q6eTqICYqUVnKs3thJo3Qplg=
golang.org/x/net v0.0.0-20190603091049-60506f45cf65/go.mod h1:HSz+uSET+XFnRR8LxR5pz3Of3rY3CfYBVs4xY44aLks=
golang.org/x/net v0.0.0-20200301022130-244492dfa37a/go.mod h1:z5CRVTTTmAJ677TzLLGU+0bjPO0LkuOLi4/5GtJWs/s=
golang.org/x/sync v0.1.0 h1:wsuoTGHzEhffawBOhz5CYhcrV4IdKZbEyZjBMuTp12o=
golang.org/x/sys v0.0.0-20190215142949-d0b11bdaac8a/go.mod h1:STP8DvDyc/dI5b8T5hshtkjS+E42TnysNCUPdjciGhY=
golang.org/x/sys v0.0.0-20220811171246-fbc7d0a398ab/go.mod h1:oPkhp1MJrh7nUepCBck5+mAzfO9JrbApNNgaTdGDITg=
golang.org/x/sys v0.5.0 h1:MUK/U/4lj1t1oPg0HfuXDN/Z1wv31ZJ/YcPiGccS4DU=
golang.org/x/sys v0.5.0/go.mod h1:oPkhp1MJrh7nUepCBck5+mAzfO9JrbApNNgaTdGDITg=
golang.org/x/text v0.3.0/go.mod h1:NqM8EUOU14njkJ3fqMW+pc6Ldnwhi/IjpwHt7yyuwOQ=
golang.org/x/text v0.3.2/go.mod h1:bEr9sfX3Q8Zfm5fL9x+3itogRgK3+ptLWKqgva+5dAk=
golang.org/x/text v0.3.5/go.mod h1:5Zoc/QRtKVWzQhOtBMvqHzDpF6irO9z98xDceosuGiQ=
golang.org/x/text v0.8.0 h1:57P1ETyNKtuIjB4SRd15iJxuhj8Gc416Y78H3qgMh68=
golang.org/x/text v0.8.0/go.mod h1:e1OnstbJyHTd6l/uOt8jFFHp6TRDWZR/bV3emEE/zU8=
golang.org/x/tools v0.0.0-20180917221912-90fa682c2a6e/go.mod h1:n7NCudcB/nEzxVGmLbDWY5pfWTLqBcC2KZ6jyYvM4mQ=
golang.org/x/tools v0.0.0-20190422233926-fe54fb35175b/go.mod h1:LCzVGOaR6xXOjkQ3onu1FJEFr0SW1gC7cKk1uF8kGRs=
golang.org/x/tools v0.6.1-0.20230222164832-25d2519c8696 h1:8985/C5IvACpd9DDXckSnjSBLKDgbxXiyODgi94zOPM=
golang.org/x/tools v0.6.1-0.20230222164832-25d2519c8696/go.mod h1:Xwgl3UAJ/d3gWutnCtw505GrjyAbvKui8lOU390QaIU=
google.golang.org/appengine v1.6.5/go.mod h1:8WjMMxjGQR8xUklV/ARdw2HLXBOI7O7uCIDZVag1xfc=
gopkg.in/check.v1 v1.0.0-20180628173108-788fd7840127/go.mod h1:Co6ibVJAznAaIkqp8huTwlJQCZ016jof/cbN4VW5Yz0=
gopkg.in/yaml.v3 v3.0.1 h1:fxVm/GzAzEWqLHuvctI91KS9hhNmmWOoWu0XTYJS7CA=
lukechampine.com/uint128 v1.2.0 h1:mBi/5l91vocEN8otkC5bDLhi2KdCticRiwbdB0O+rjI=
lukechampine.com/uint128 v1.2.0/go.mod h1:c4eWIwlEGaxC/+H1VguhU4PHXNWDCDMUlWdIWl2j1gk=
modernc.org/cc/v3 v3.40.0 h1:P3g79IUS/93SYhtoeaHW+kRCIrYaxJ27MFPv+7kaTOw=
modernc.org/cc/v3 v3.40.0/go.mod h1:/bTg4dnWkSXowUO6ssQKnOV0yMVxDYNIsIrzqTFDGH0=
modernc.org/ccgo/v3 v3.16.13 h1:Mkgdzl46i5F/CNR/Kj80Ri59hC8TKAhZrYSaqvkwzUw=
modernc.org/ccgo/v3 v3.16.13/go.mod h1:2Quk+5YgpImhPjv2Qsob1DnZ/4som1lJTodubIcoUkY=
modernc.org/ccorpus v1.11.6 h1:J16RXiiqiCgua6+ZvQot4yUuUy8zxgqbqEEUuGPlISk=
modernc.org/httpfs v1.0.6 h1:AAgIpFZRXuYnkjftxTAZwMIiwEqAfk8aVB2/oA6nAeM=
modernc.org/libc v1.22.3 h1:D/g6O5ftAfavceqlLOFwaZuA5KYafKwmr30A6iSqoyY=
modernc.org/libc v1.22.3/go.mod h1:MQrloYP209xa2zHome2a8HLiLm6k0UT8CoHpV74tOFw=
modernc.org/mathutil v1.5.0 h1:rV0Ko/6SfM+8G+yKiyI830l3Wuz1zRutdslNoQ0kfiQ=
modernc.org/mathutil v1.5.0/go.mod h1:mZW8CKdRPY1v87qxC/wUdX5O1qDzXMP5TH3wjfpga6E=
modernc.org/memory v1.5.0 h1:N+/8c5rE6EqugZwHii4IFsaJ7MUhoWX07J5tC/iI5Ds=
modernc.org/memory v1.5.0/go.mod h1:PkUhL0Mugw21sHPeskwZW4D6VscE/GQJOnIpCnW6pSU=
modernc.org/opt v0.1.3 h1:3XOZf2yznlhC+ibLltsDGzABUGVx8J6pnFMS3E4dcq4=
modernc.org/opt v0.1.3/go.mod h1:WdSiB5evDcignE70guQKxYUl14mgWtbClRi5wmkkTX0=
modernc.org/sqlite v1.21.1 h1:GyDFqNnESLOhwwDRaHGdp2jKLDzpyT/rNLglX3ZkMSU=
modernc.org/sqlite v1.21.1/go.mod h1:XwQ0wZPIh1iKb5mkvCJ3szzbhk+tykC8ZWqTRTgYRwI=
modernc.org/strutil v1.1.3 h1:fNMm+oJklMGYfU9Ylcywl0CO5O6nTfaowNsh2wpPjzY=
modernc.org/strutil v1.1.3/go.mod h1:MEHNA7PdEnEwLvspRMtWTNnp2nnyvMfkimT1NKNAGbw=
modernc.org/tcl v1.15.1 h1:mOQwiEK4p7HruMZcwKTZPw/aqtGM4aY00uzWhlKKYws=
modernc.org/token v1.0.1 h1:A3qvTqOwexpfZZeyI0FeGPDlSWX5pjZu9hF4lU+EKWg=
modernc.org/token v1.0.1/go.mod h1:UGzOrNV1mAFSEB63lOFHIpNRUVMvYTc6yu1SMY/XTDM=
modernc.org/z v1.7.0 h1:xkDw/KepgEjeizO2sNco+hqYkU12taxQFqPEmgm1GWE=
